
Microsoft Visual Studio Solution File, Format Version 12.00
# Visual Studio Version 17
VisualStudioVersion = 17.8.34525.116
MinimumVisualStudioVersion = 10.0.40219.1
Project("{8BC9CEB8-8B4A-11D0-8D11-00A0C91BC942}") = "ZombieWarframe", "ZombieWarframe.vcxproj", "{90CB8752-FDEC-4BF7-B554-EFC050642ADC}"
EndProject
Global
	GlobalSection(SolutionConfigurationPlatforms) = preSolution
		Debug|x64 = Debug|x64
		Debug|x86 = Debug|x86
		Release|x64 = Release|x64
		Release|x86 = Release|x86
	EndGlobalSection
	GlobalSection(ProjectConfigurationPlatforms) = postSolution
		{90CB8752-FDEC-4BF7-B554-EFC050642ADC}.Debug|x64.ActiveCfg = Debug|x64
		{90CB8752-FDEC-4BF7-B554-EFC050642ADC}.Debug|x64.Build.0 = Debug|x64
		{90CB8752-FDEC-4BF7-B554-EFC050642ADC}.Debug|x86.ActiveCfg = Debug|Win32
		{90CB8752-FDEC-4BF7-B554-EFC050642ADC}.Debug|x86.Build.0 = Debug|Win32
		{90CB8752-FDEC-4BF7-B554-EFC050642ADC}.Release|x64.ActiveCfg = Release|x64
		{90CB8752-FDEC-4BF7-B554-EFC050642ADC}.Release|x64.Build.0 = Release|x64
		{90CB8752-FDEC-4BF7-B554-EFC050642ADC}.Release|x86.ActiveCfg = Release|Win32
		{90CB8752-FDEC-4BF7-B554-EFC050642ADC}.Release|x86.Build.0 = Release|Win32
	EndGlobalSection
	GlobalSection(SolutionProperties) = preSolution
		HideSolutionNode = FALSE
	EndGlobalSection
	GlobalSection(ExtensibilityGlobals) = postSolution
		SolutionGuid = {B6625241-A8B9-4E6E-9B93-F346A3ED3B8B}
	EndGlobalSection
EndGlobal
